
Microsoft Visual Studio Solution File, Format Version 12.00
# Visual Studio 15
VisualStudioVersion = 15.0.28307.329
MinimumVisualStudioVersion = 10.0.40219.1
Project("{FAE04EC0-301F-11D3-BF4B-00C04F79EFBC}") = "Jenkins.MVC", "Jenkins.MVC\Jenkins.MVC.csproj", "{A79DF692-D35B-41C6-BAAA-EBF0E903EE2A}"
EndProject
Global
	GlobalSection(SolutionConfigurationPlatforms) = preSolution
		Debug|Any CPU = Debug|Any CPU
		Release|Any CPU = Release|Any CPU
	EndGlobalSection
	GlobalSection(ProjectConfigurationPlatforms) = postSolution
		{A79DF692-D35B-41C6-BAAA-EBF0E903EE2A}.Debug|Any CPU.ActiveCfg = Debug|Any CPU
		{A79DF692-D35B-41C6-BAAA-EBF0E903EE2A}.Debug|Any CPU.Build.0 = Debug|Any CPU
		{A79DF692-D35B-41C6-BAAA-EBF0E903EE2A}.Release|Any CPU.ActiveCfg = Release|Any CPU
		{A79DF692-D35B-41C6-BAAA-EBF0E903EE2A}.Release|Any CPU.Build.0 = Release|Any CPU
	EndGlobalSection
	GlobalSection(SolutionProperties) = preSolution
		HideSolutionNode = FALSE
	EndGlobalSection
	GlobalSection(ExtensibilityGlobals) = postSolution
		SolutionGuid = {0605757A-A31B-45C3-BD2E-8F3F246967B2}
	EndGlobalSection
EndGlobal
